
Microsoft Visual Studio Solution File, Format Version 11.00
# Visual Studio 2010
Project("{F184B08F-C81C-45F6-A57F-5ABD9991F28F}") = "Flash Player", "Flash Player\Flash Player.vbproj", "{F25EBDA8-C5AC-4011-936C-712F74C045AA}"
EndProject
Global
	GlobalSection(SolutionConfigurationPlatforms) = preSolution
		Debug|x86 = Debug|x86
		Release|x86 = Release|x86
	EndGlobalSection
	GlobalSection(ProjectConfigurationPlatforms) = postSolution
		{F25EBDA8-C5AC-4011-936C-712F74C045AA}.Debug|x86.ActiveCfg = Debug|x86
		{F25EBDA8-C5AC-4011-936C-712F74C045AA}.Debug|x86.Build.0 = Debug|x86
		{F25EBDA8-C5AC-4011-936C-712F74C045AA}.Release|x86.ActiveCfg = Release|x86
		{F25EBDA8-C5AC-4011-936C-712F74C045AA}.Release|x86.Build.0 = Release|x86
	EndGlobalSection
	GlobalSection(SolutionProperties) = preSolution
		HideSolutionNode = FALSE
	EndGlobalSection
EndGlobal
